
Microsoft Visual Studio Solution File, Format Version 12.00
# Visual Studio Version 17
VisualStudioVersion = 17.11.35312.102
MinimumVisualStudioVersion = 10.0.40219.1
Project("{FAE04EC0-301F-11D3-BF4B-00C04F79EFBC}") = "0_4_abstract", "0_4_abstract.csproj", "{2F629C22-EF56-4D37-8C0D-265F72FA8C89}"
EndProject
Global
	GlobalSection(SolutionConfigurationPlatforms) = preSolution
		Debug|Any CPU = Debug|Any CPU
		Release|Any CPU = Release|Any CPU
	EndGlobalSection
	GlobalSection(ProjectConfigurationPlatforms) = postSolution
		{2F629C22-EF56-4D37-8C0D-265F72FA8C89}.Debug|Any CPU.ActiveCfg = Debug|Any CPU
		{2F629C22-EF56-4D37-8C0D-265F72FA8C89}.Debug|Any CPU.Build.0 = Debug|Any CPU
		{2F629C22-EF56-4D37-8C0D-265F72FA8C89}.Release|Any CPU.ActiveCfg = Release|Any CPU
		{2F629C22-EF56-4D37-8C0D-265F72FA8C89}.Release|Any CPU.Build.0 = Release|Any CPU
	EndGlobalSection
	GlobalSection(SolutionProperties) = preSolution
		HideSolutionNode = FALSE
	EndGlobalSection
	GlobalSection(ExtensibilityGlobals) = postSolution
		SolutionGuid = {CDA13E76-9D58-4710-B57F-E127CFD3A45D}
	EndGlobalSection
EndGlobal
