
Microsoft Visual Studio Solution File, Format Version 12.00
# Visual Studio Version 17
VisualStudioVersion = 17.11.35312.102
MinimumVisualStudioVersion = 10.0.40219.1
Project("{FAE04EC0-301F-11D3-BF4B-00C04F79EFBC}") = "0_6_streams", "0_6_streams.csproj", "{C787D9BE-7244-4D67-AAB5-D80BA04C3791}"
EndProject
Global
	GlobalSection(SolutionConfigurationPlatforms) = preSolution
		Debug|Any CPU = Debug|Any CPU
		Release|Any CPU = Release|Any CPU
	EndGlobalSection
	GlobalSection(ProjectConfigurationPlatforms) = postSolution
		{C787D9BE-7244-4D67-AAB5-D80BA04C3791}.Debug|Any CPU.ActiveCfg = Debug|Any CPU
		{C787D9BE-7244-4D67-AAB5-D80BA04C3791}.Debug|Any CPU.Build.0 = Debug|Any CPU
		{C787D9BE-7244-4D67-AAB5-D80BA04C3791}.Release|Any CPU.ActiveCfg = Release|Any CPU
		{C787D9BE-7244-4D67-AAB5-D80BA04C3791}.Release|Any CPU.Build.0 = Release|Any CPU
	EndGlobalSection
	GlobalSection(SolutionProperties) = preSolution
		HideSolutionNode = FALSE
	EndGlobalSection
	GlobalSection(ExtensibilityGlobals) = postSolution
		SolutionGuid = {1F774DF7-7260-40AB-9A0A-09DF61EB8070}
	EndGlobalSection
EndGlobal
