
Microsoft Visual Studio Solution File, Format Version 12.00
# Visual Studio Version 17
VisualStudioVersion = 17.11.35312.102
MinimumVisualStudioVersion = 10.0.40219.1
Project("{FAE04EC0-301F-11D3-BF4B-00C04F79EFBC}") = "1_1_generics", "1_1_generics.csproj", "{5BDAA557-31A3-43C5-B525-F073726CCC9A}"
EndProject
Global
	GlobalSection(SolutionConfigurationPlatforms) = preSolution
		Debug|Any CPU = Debug|Any CPU
		Release|Any CPU = Release|Any CPU
	EndGlobalSection
	GlobalSection(ProjectConfigurationPlatforms) = postSolution
		{5BDAA557-31A3-43C5-B525-F073726CCC9A}.Debug|Any CPU.ActiveCfg = Debug|Any CPU
		{5BDAA557-31A3-43C5-B525-F073726CCC9A}.Debug|Any CPU.Build.0 = Debug|Any CPU
		{5BDAA557-31A3-43C5-B525-F073726CCC9A}.Release|Any CPU.ActiveCfg = Release|Any CPU
		{5BDAA557-31A3-43C5-B525-F073726CCC9A}.Release|Any CPU.Build.0 = Release|Any CPU
	EndGlobalSection
	GlobalSection(SolutionProperties) = preSolution
		HideSolutionNode = FALSE
	EndGlobalSection
	GlobalSection(ExtensibilityGlobals) = postSolution
		SolutionGuid = {2CCF5D16-C052-48E0-99D1-A6904BD8DE15}
	EndGlobalSection
EndGlobal
